<?xml version="1.0" encoding="utf-8"?>
<Project ToolsVersion="4.0" xmlns="http://schemas.microsoft.com/developer/msbuild/2003">
  <ItemGroup>
    <Filter Include="src">
      <UniqueIdentifier>{847fa3ad-8af0-417c-a838-937c5a5edff5}</UniqueIdentifier>
    </Filter>
    <Filter Include="src\socket">
      <UniqueIdentifier>{64a30219-5056-437b-a421-01cc3c7c6344}</UniqueIdentifier>
    </Filter>
    <Filter Include="src\bit">
      <UniqueIdentifier>{11071c71-c603-47fc-bdfb-da87cfa9c781}</UniqueIdentifier>
    </Filter>
  </ItemGroup>
  <ItemGroup>
    <ClCompile Include="lapi.c">
      <Filter>src</Filter>
    </ClCompile>
    <ClCompile Include="lauxlib.c">
      <Filter>src</Filter>
    </ClCompile>
    <ClCompile Include="lbaselib.c">
      <Filter>src</Filter>
    </ClCompile>
    <ClCompile Include="lbitlib.c">
      <Filter>src</Filter>
    </ClCompile>
    <ClCompile Include="lcode.c">
      <Filter>src</Filter>
    </ClCompile>
    <ClCompile Include="lcorolib.c">
      <Filter>src</Filter>
    </ClCompile>
    <ClCompile Include="lctype.c">
      <Filter>src</Filter>
    </ClCompile>
    <ClCompile Include="ldblib.c">
      <Filter>src</Filter>
    </ClCompile>
    <ClCompile Include="ldebug.c">
      <Filter>src</Filter>
    </ClCompile>
    <ClCompile Include="ldo.c">
      <Filter>src</Filter>
    </ClCompile>
    <ClCompile Include="ldump.c">
      <Filter>src</Filter>
    </ClCompile>
    <ClCompile Include="lfunc.c">
      <Filter>src</Filter>
    </ClCompile>
    <ClCompile Include="lgc.c">
      <Filter>src</Filter>
    </ClCompile>
    <ClCompile Include="linit.c">
      <Filter>src</Filter>
    </ClCompile>
    <ClCompile Include="liolib.c">
      <Filter>src</Filter>
    </ClCompile>
    <ClCompile Include="llex.c">
      <Filter>src</Filter>
    </ClCompile>
    <ClCompile Include="lmathlib.c">
      <Filter>src</Filter>
    </ClCompile>
    <ClCompile Include="lmem.c">
      <Filter>src</Filter>
    </ClCompile>
    <ClCompile Include="loadlib.c">
      <Filter>src</Filter>
    </ClCompile>
    <ClCompile Include="lobject.c">
      <Filter>src</Filter>
    </ClCompile>
    <ClCompile Include="lopcodes.c">
      <Filter>src</Filter>
    </ClCompile>
    <ClCompile Include="loslib.c">
      <Filter>src</Filter>
    </ClCompile>
    <ClCompile Include="lparser.c">
      <Filter>src</Filter>
    </ClCompile>
    <ClCompile Include="lstate.c">
      <Filter>src</Filter>
    </ClCompile>
    <ClCompile Include="lstring.c">
      <Filter>src</Filter>
    </ClCompile>
    <ClCompile Include="lstrlib.c">
      <Filter>src</Filter>
    </ClCompile>
    <ClCompile Include="ltable.c">
      <Filter>src</Filter>
    </ClCompile>
    <ClCompile Include="ltablib.c">
      <Filter>src</Filter>
    </ClCompile>
    <ClCompile Include="ltm.c">
      <Filter>src</Filter>
    </ClCompile>
    <ClCompile Include="lundump.c">
      <Filter>src</Filter>
    </ClCompile>
    <ClCompile Include="lutf8lib.c">
      <Filter>src</Filter>
    </ClCompile>
    <ClCompile Include="lvm.c">
      <Filter>src</Filter>
    </ClCompile>
    <ClCompile Include="lzio.c">
      <Filter>src</Filter>
    </ClCompile>
    <ClCompile Include="socket\auxiliar.c">
      <Filter>src\socket</Filter>
    </ClCompile>
    <ClCompile Include="socket\buffer.c">
      <Filter>src\socket</Filter>
    </ClCompile>
    <ClCompile Include="socket\compat.c">
      <Filter>src\socket</Filter>
    </ClCompile>
    <ClCompile Include="socket\except.c">
      <Filter>src\socket</Filter>
    </ClCompile>
    <ClCompile Include="socket\inet.c">
      <Filter>src\socket</Filter>
    </ClCompile>
    <ClCompile Include="socket\io.c">
      <Filter>src\socket</Filter>
    </ClCompile>
    <ClCompile Include="socket\luasocket.c">
      <Filter>src\socket</Filter>
    </ClCompile>
    <ClCompile Include="socket\mime.c">
      <Filter>src\socket</Filter>
    </ClCompile>
    <ClCompile Include="socket\options.c">
      <Filter>src\socket</Filter>
    </ClCompile>
    <ClCompile Include="socket\select.c">
      <Filter>src\socket</Filter>
    </ClCompile>
    <ClCompile Include="socket\tcp.c">
      <Filter>src\socket</Filter>
    </ClCompile>
    <ClCompile Include="socket\timeout.c">
      <Filter>src\socket</Filter>
    </ClCompile>
    <ClCompile Include="socket\udp.c">
      <Filter>src\socket</Filter>
    </ClCompile>
    <ClCompile Include="socket\wsocket.c">
      <Filter>src\socket</Filter>
    </ClCompile>
    <ClCompile Include="bit\bit.c">
      <Filter>src\bit</Filter>
    </ClCompile>
  </ItemGroup>
  <ItemGroup>
    <ClInclude Include="lapi.h">
      <Filter>src</Filter>
    </ClInclude>
    <ClInclude Include="lauxlib.h">
      <Filter>src</Filter>
    </ClInclude>
    <ClInclude Include="lcode.h">
      <Filter>src</Filter>
    </ClInclude>
    <ClInclude Include="lctype.h">
      <Filter>src</Filter>
    </ClInclude>
    <ClInclude Include="ldebug.h">
      <Filter>src</Filter>
    </ClInclude>
    <ClInclude Include="ldo.h">
      <Filter>src</Filter>
    </ClInclude>
    <ClInclude Include="lfunc.h">
      <Filter>src</Filter>
    </ClInclude>
    <ClInclude Include="lgc.h">
      <Filter>src</Filter>
    </ClInclude>
    <ClInclude Include="llex.h">
      <Filter>src</Filter>
    </ClInclude>
    <ClInclude Include="llimits.h">
      <Filter>src</Filter>
    </ClInclude>
    <ClInclude Include="lmem.h">
      <Filter>src</Filter>
    </ClInclude>
    <ClInclude Include="lobject.h">
      <Filter>src</Filter>
    </ClInclude>
    <ClInclude Include="lopcodes.h">
      <Filter>src</Filter>
    </ClInclude>
    <ClInclude Include="lparser.h">
      <Filter>src</Filter>
    </ClInclude>
    <ClInclude Include="lprefix.h">
      <Filter>src</Filter>
    </ClInclude>
    <ClInclude Include="lstate.h">
      <Filter>src</Filter>
    </ClInclude>
    <ClInclude Include="lstring.h">
      <Filter>src</Filter>
    </ClInclude>
    <ClInclude Include="ltable.h">
      <Filter>src</Filter>
    </ClInclude>
    <ClInclude Include="ltm.h">
      <Filter>src</Filter>
    </ClInclude>
    <ClInclude Include="lua.h">
      <Filter>src</Filter>
    </ClInclude>
    <ClInclude Include="lua.hpp">
      <Filter>src</Filter>
    </ClInclude>
    <ClInclude Include="luaconf.h">
      <Filter>src</Filter>
    </ClInclude>
    <ClInclude Include="lualib.h">
      <Filter>src</Filter>
    </ClInclude>
    <ClInclude Include="lundump.h">
      <Filter>src</Filter>
    </ClInclude>
    <ClInclude Include="lvm.h">
      <Filter>src</Filter>
    </ClInclude>
    <ClInclude Include="lzio.h">
      <Filter>src</Filter>
    </ClInclude>
  </ItemGroup>
</Project>